
Microsoft Visual Studio Solution File, Format Version 12.00
# Visual Studio Version 17
VisualStudioVersion = 17.1.32328.378
MinimumVisualStudioVersion = 10.0.40219.1
Project("{FAE04EC0-301F-11D3-BF4B-00C04F79EFBC}") = "New back", "New back\New back.csproj", "{5E06CFA2-3B03-4CD6-85BC-972C088A6BAB}"
EndProject
Global
	GlobalSection(SolutionConfigurationPlatforms) = preSolution
		Debug|Any CPU = Debug|Any CPU
		Release|Any CPU = Release|Any CPU
	EndGlobalSection
	GlobalSection(ProjectConfigurationPlatforms) = postSolution
		{5E06CFA2-3B03-4CD6-85BC-972C088A6BAB}.Debug|Any CPU.ActiveCfg = Debug|Any CPU
		{5E06CFA2-3B03-4CD6-85BC-972C088A6BAB}.Debug|Any CPU.Build.0 = Debug|Any CPU
		{5E06CFA2-3B03-4CD6-85BC-972C088A6BAB}.Release|Any CPU.ActiveCfg = Release|Any CPU
		{5E06CFA2-3B03-4CD6-85BC-972C088A6BAB}.Release|Any CPU.Build.0 = Release|Any CPU
	EndGlobalSection
	GlobalSection(SolutionProperties) = preSolution
		HideSolutionNode = FALSE
	EndGlobalSection
	GlobalSection(ExtensibilityGlobals) = postSolution
		SolutionGuid = {255300F4-EC77-4E79-B17C-307E40497631}
	EndGlobalSection
EndGlobal
